
Microsoft Visual Studio Solution File, Format Version 12.00
# Visual Studio Version 17
VisualStudioVersion = 17.7.34221.43
MinimumVisualStudioVersion = 10.0.40219.1
Project("{FAE04EC0-301F-11D3-BF4B-00C04F79EFBC}") = "D7293_Windows_Service", "D7293_Windows_Service.csproj", "{AA27BEF2-271F-4D82-AB94-2A0ECE9EB1D1}"
EndProject
Global
	GlobalSection(SolutionConfigurationPlatforms) = preSolution
		Debug|Any CPU = Debug|Any CPU
		Release|Any CPU = Release|Any CPU
	EndGlobalSection
	GlobalSection(ProjectConfigurationPlatforms) = postSolution
		{AA27BEF2-271F-4D82-AB94-2A0ECE9EB1D1}.Debug|Any CPU.ActiveCfg = Debug|Any CPU
		{AA27BEF2-271F-4D82-AB94-2A0ECE9EB1D1}.Debug|Any CPU.Build.0 = Debug|Any CPU
		{AA27BEF2-271F-4D82-AB94-2A0ECE9EB1D1}.Release|Any CPU.ActiveCfg = Release|Any CPU
		{AA27BEF2-271F-4D82-AB94-2A0ECE9EB1D1}.Release|Any CPU.Build.0 = Release|Any CPU
	EndGlobalSection
	GlobalSection(SolutionProperties) = preSolution
		HideSolutionNode = FALSE
	EndGlobalSection
	GlobalSection(ExtensibilityGlobals) = postSolution
		SolutionGuid = {68538DF8-8606-468C-82E9-D0532E4F6A61}
	EndGlobalSection
EndGlobal
